
Microsoft Visual Studio Solution File, Format Version 12.00
# Visual Studio Version 16
VisualStudioVersion = 16.0.30413.136
MinimumVisualStudioVersion = 10.0.40219.1
Project("{FAE04EC0-301F-11D3-BF4B-00C04F79EFBC}") = "SistemaAsistencias", "SistemaAsistencias\SistemaAsistencias.csproj", "{D153BEA9-9479-4FFE-A71D-D5128E87287B}"
EndProject
Global
	GlobalSection(SolutionConfigurationPlatforms) = preSolution
		Debug|Any CPU = Debug|Any CPU
		Release|Any CPU = Release|Any CPU
	EndGlobalSection
	GlobalSection(ProjectConfigurationPlatforms) = postSolution
		{D153BEA9-9479-4FFE-A71D-D5128E87287B}.Debug|Any CPU.ActiveCfg = Debug|Any CPU
		{D153BEA9-9479-4FFE-A71D-D5128E87287B}.Debug|Any CPU.Build.0 = Debug|Any CPU
		{D153BEA9-9479-4FFE-A71D-D5128E87287B}.Release|Any CPU.ActiveCfg = Release|Any CPU
		{D153BEA9-9479-4FFE-A71D-D5128E87287B}.Release|Any CPU.Build.0 = Release|Any CPU
	EndGlobalSection
	GlobalSection(SolutionProperties) = preSolution
		HideSolutionNode = FALSE
	EndGlobalSection
	GlobalSection(ExtensibilityGlobals) = postSolution
		SolutionGuid = {C90DFE9D-911D-4365-938E-0E1865EC3CC7}
	EndGlobalSection
EndGlobal
